
Microsoft Visual Studio Solution File, Format Version 12.00
# Visual Studio Version 17
VisualStudioVersion = 17.7.34009.444
MinimumVisualStudioVersion = 10.0.40219.1
Project("{2150E333-8FDC-42A3-9474-1A3956D46DE8}") = "Tests", "Tests", "{747BB5A9-61F7-430A-85CA-821C0E479E36}"
EndProject
Project("{FAE04EC0-301F-11D3-BF4B-00C04F79EFBC}") = "TestWPF", "TestWPF\TestWPF.csproj", "{AE0B71BE-B7D6-4551-81D3-431873FFB2D6}"
EndProject
Project("{9A19103F-16F7-4668-BE54-9A1E7A4F7556}") = "TestConsole", "TestConsole\TestConsole.csproj", "{05D761D9-01C2-4C1B-86FD-2320F284506A}"
EndProject
Project("{FAE04EC0-301F-11D3-BF4B-00C04F79EFBC}") = "ModBusTPU", "TestMODBUS\ModBusTPU.csproj", "{4F46A981-BA37-4F3D-BE8F-3ED4E9713890}"
EndProject
Global
	GlobalSection(SolutionConfigurationPlatforms) = preSolution
		Debug|Any CPU = Debug|Any CPU
		Release|Any CPU = Release|Any CPU
	EndGlobalSection
	GlobalSection(ProjectConfigurationPlatforms) = postSolution
		{AE0B71BE-B7D6-4551-81D3-431873FFB2D6}.Debug|Any CPU.ActiveCfg = Debug|Any CPU
		{AE0B71BE-B7D6-4551-81D3-431873FFB2D6}.Debug|Any CPU.Build.0 = Debug|Any CPU
		{AE0B71BE-B7D6-4551-81D3-431873FFB2D6}.Release|Any CPU.ActiveCfg = Release|Any CPU
		{AE0B71BE-B7D6-4551-81D3-431873FFB2D6}.Release|Any CPU.Build.0 = Release|Any CPU
		{05D761D9-01C2-4C1B-86FD-2320F284506A}.Debug|Any CPU.ActiveCfg = Debug|Any CPU
		{05D761D9-01C2-4C1B-86FD-2320F284506A}.Debug|Any CPU.Build.0 = Debug|Any CPU
		{05D761D9-01C2-4C1B-86FD-2320F284506A}.Release|Any CPU.ActiveCfg = Release|Any CPU
		{05D761D9-01C2-4C1B-86FD-2320F284506A}.Release|Any CPU.Build.0 = Release|Any CPU
		{4F46A981-BA37-4F3D-BE8F-3ED4E9713890}.Debug|Any CPU.ActiveCfg = Debug|Any CPU
		{4F46A981-BA37-4F3D-BE8F-3ED4E9713890}.Debug|Any CPU.Build.0 = Debug|Any CPU
		{4F46A981-BA37-4F3D-BE8F-3ED4E9713890}.Release|Any CPU.ActiveCfg = Release|Any CPU
		{4F46A981-BA37-4F3D-BE8F-3ED4E9713890}.Release|Any CPU.Build.0 = Release|Any CPU
	EndGlobalSection
	GlobalSection(SolutionProperties) = preSolution
		HideSolutionNode = FALSE
	EndGlobalSection
	GlobalSection(NestedProjects) = preSolution
		{AE0B71BE-B7D6-4551-81D3-431873FFB2D6} = {747BB5A9-61F7-430A-85CA-821C0E479E36}
		{05D761D9-01C2-4C1B-86FD-2320F284506A} = {747BB5A9-61F7-430A-85CA-821C0E479E36}
	EndGlobalSection
	GlobalSection(ExtensibilityGlobals) = postSolution
		SolutionGuid = {EF2B8630-40B6-4B47-8776-CD656D700D69}
	EndGlobalSection
EndGlobal
